PODS:
  - OpenSSL-LET (1.0.2h)

DEPENDENCIES:
  - OpenSSL-LET (from `https://github.com/letiemble/OpenSSL-LET.git`, branch `master`)

EXTERNAL SOURCES:
  OpenSSL-LET:
    :branch: :master
    :git: https://github.com/letiemble/OpenSSL-LET.git

CHECKOUT OPTIONS:
  OpenSSL-LET:
    :commit: 66d4230c1741dcc662667c94d71a8a04a34b168d
    :git: https://github.com/letiemble/OpenSSL-LET.git

SPEC CHECKSUMS:
  OpenSSL-LET: af4a82ebee0ea4386708ad2ea83cc98088e6667c

PODFILE CHECKSUM: aa19f38e9af669217c2c71ea1c7a18e4df534034

COCOAPODS: 1.9.3
